
Microsoft Visual Studio Solution File, Format Version 12.00
# Visual Studio Version 17
VisualStudioVersion = 17.1.32414.318
MinimumVisualStudioVersion = 10.0.40219.1
Project("{FAE04EC0-301F-11D3-BF4B-00C04F79EFBC}") = "HeroRPG", "HeroRPG\HeroRPG.csproj", "{3DE94762-7BF3-48F5-90B6-484E4B2D4455}"
EndProject
Global
	GlobalSection(SolutionConfigurationPlatforms) = preSolution
		Debug|Any CPU = Debug|Any CPU
		Release|Any CPU = Release|Any CPU
	EndGlobalSection
	GlobalSection(ProjectConfigurationPlatforms) = postSolution
		{3DE94762-7BF3-48F5-90B6-484E4B2D4455}.Debug|Any CPU.ActiveCfg = Debug|Any CPU
		{3DE94762-7BF3-48F5-90B6-484E4B2D4455}.Debug|Any CPU.Build.0 = Debug|Any CPU
		{3DE94762-7BF3-48F5-90B6-484E4B2D4455}.Release|Any CPU.ActiveCfg = Release|Any CPU
		{3DE94762-7BF3-48F5-90B6-484E4B2D4455}.Release|Any CPU.Build.0 = Release|Any CPU
	EndGlobalSection
	GlobalSection(SolutionProperties) = preSolution
		HideSolutionNode = FALSE
	EndGlobalSection
	GlobalSection(ExtensibilityGlobals) = postSolution
		SolutionGuid = {E13B4106-0E97-4DC8-929C-C9101BB74B0D}
	EndGlobalSection
EndGlobal
